langcode: en
status: true
dependencies:
  module:
    - notification_bar
  theme:
    - sitetheme
id: sitetheme_notificationbarblock
theme: sitetheme
region: pre_page
weight: 0
provider: null
plugin: notification_bar_block
settings:
  id: sitetheme_notification_bar_block
  label: 'Notification Bar block'
  provider: notification_bar
  label_display: '0'
visibility: {  }
